
Microsoft Visual Studio Solution File, Format Version 12.00
# Visual Studio Version 17
VisualStudioVersion = 17.11.35327.3
MinimumVisualStudioVersion = 10.0.40219.1
Project("{FAE04EC0-301F-11D3-BF4B-00C04F79EFBC}") = "SimpleGridFly", "WinFormsApp1\SimpleGridFly.csproj", "{3B8322B8-468D-4C3A-AD25-22E25B6FF78D}"
EndProject
Global
	GlobalSection(SolutionConfigurationPlatforms) = preSolution
		Debug|Any CPU = Debug|Any CPU
		Release|Any CPU = Release|Any CPU
	EndGlobalSection
	GlobalSection(ProjectConfigurationPlatforms) = postSolution
		{3B8322B8-468D-4C3A-AD25-22E25B6FF78D}.Debug|Any CPU.ActiveCfg = Debug|Any CPU
		{3B8322B8-468D-4C3A-AD25-22E25B6FF78D}.Debug|Any CPU.Build.0 = Debug|Any CPU
		{3B8322B8-468D-4C3A-AD25-22E25B6FF78D}.Release|Any CPU.ActiveCfg = Release|Any CPU
		{3B8322B8-468D-4C3A-AD25-22E25B6FF78D}.Release|Any CPU.Build.0 = Release|Any CPU
	EndGlobalSection
	GlobalSection(SolutionProperties) = preSolution
		HideSolutionNode = FALSE
	EndGlobalSection
	GlobalSection(ExtensibilityGlobals) = postSolution
		SolutionGuid = {BDE85A7B-13CA-48A8-A8BD-91330ECE6B6D}
	EndGlobalSection
EndGlobal
